
Microsoft Visual Studio Solution File, Format Version 12.00
# Visual Studio Version 17
VisualStudioVersion = 17.3.32825.248
MinimumVisualStudioVersion = 10.0.40219.1
Project("{FAE04EC0-301F-11D3-BF4B-00C04F79EFBC}") = "Classwork13", "Classwork13\Classwork13.csproj", "{B36EF9AF-C33C-4C02-99CD-C50700B9F9EA}"
EndProject
Project("{FAE04EC0-301F-11D3-BF4B-00C04F79EFBC}") = "Classwork14", "Classwork14\Classwork14.csproj", "{31F9F16C-A3E0-4239-9BE0-7DBAD895C665}"
EndProject
Global
	GlobalSection(SolutionConfigurationPlatforms) = preSolution
		Debug|Any CPU = Debug|Any CPU
		Release|Any CPU = Release|Any CPU
	EndGlobalSection
	GlobalSection(ProjectConfigurationPlatforms) = postSolution
		{B36EF9AF-C33C-4C02-99CD-C50700B9F9EA}.Debug|Any CPU.ActiveCfg = Debug|Any CPU
		{B36EF9AF-C33C-4C02-99CD-C50700B9F9EA}.Debug|Any CPU.Build.0 = Debug|Any CPU
		{B36EF9AF-C33C-4C02-99CD-C50700B9F9EA}.Release|Any CPU.ActiveCfg = Release|Any CPU
		{B36EF9AF-C33C-4C02-99CD-C50700B9F9EA}.Release|Any CPU.Build.0 = Release|Any CPU
		{31F9F16C-A3E0-4239-9BE0-7DBAD895C665}.Debug|Any CPU.ActiveCfg = Debug|Any CPU
		{31F9F16C-A3E0-4239-9BE0-7DBAD895C665}.Debug|Any CPU.Build.0 = Debug|Any CPU
		{31F9F16C-A3E0-4239-9BE0-7DBAD895C665}.Release|Any CPU.ActiveCfg = Release|Any CPU
		{31F9F16C-A3E0-4239-9BE0-7DBAD895C665}.Release|Any CPU.Build.0 = Release|Any CPU
	EndGlobalSection
	GlobalSection(SolutionProperties) = preSolution
		HideSolutionNode = FALSE
	EndGlobalSection
	GlobalSection(ExtensibilityGlobals) = postSolution
		SolutionGuid = {7CFDFA3C-3C28-416E-B079-2BBEA46DF1D3}
	EndGlobalSection
EndGlobal
